
Microsoft Visual Studio Solution File, Format Version 12.00
# Visual Studio 15
VisualStudioVersion = 15.0.26403.0
MinimumVisualStudioVersion = 10.0.40219.1
Project("{FAE04EC0-301F-11D3-BF4B-00C04F79EFBC}") = "LY.MVCOA.Web", "LY.MVCOA.Project\LY.MVCOA.Web.csproj", "{CAFAF45C-3D9F-4211-A128-C2EA7C553A50}"
EndProject
Project("{FAE04EC0-301F-11D3-BF4B-00C04F79EFBC}") = "LY.MVCOA.Project.Tests", "LY.MVCOA.Project.Tests\LY.MVCOA.Project.Tests.csproj", "{F293BA3A-8E1A-4970-959D-53311E5404BD}"
EndProject
Project("{FAE04EC0-301F-11D3-BF4B-00C04F79EFBC}") = "LY.MVCOA.Common", "LY.MVCOA.Common\LY.MVCOA.Common.csproj", "{60181720-BCCE-4960-8D26-55076D6C8654}"
EndProject
Project("{FAE04EC0-301F-11D3-BF4B-00C04F79EFBC}") = "LY.MVCOA.Core", "LY.MVCOA.Core\LY.MVCOA.Core.csproj", "{A93F3AF1-BC55-4EEA-BDF8-3DC597143194}"
EndProject
Project("{FAE04EC0-301F-11D3-BF4B-00C04F79EFBC}") = "LY.MVCOA.Jobs", "LY.MVCOA.Jobs\LY.MVCOA.Jobs.csproj", "{33076ABE-F8F0-4943-AFBC-9E74BD0E53D7}"
EndProject
Project("{FAE04EC0-301F-11D3-BF4B-00C04F79EFBC}") = "LY.MVCOA.Local", "LY.MVCOA.Local\LY.MVCOA.Local.csproj", "{49140B02-FAC6-40DD-9671-9389B2567CC5}"
EndProject
Project("{FAE04EC0-301F-11D3-BF4B-00C04F79EFBC}") = "LY.MVCOA.Models", "LY.MVCOA.Models\LY.MVCOA.Models.csproj", "{BBB6DE5F-649B-40CD-B179-DC32B79A2195}"
EndProject
Project("{2150E333-8FDC-42A3-9474-1A3956D46DE8}") = "LY.MVCOA.Base", "LY.MVCOA.Base", "{B0C36631-0B23-4A02-928F-864BA2484EC6}"
EndProject
Project("{FAE04EC0-301F-11D3-BF4B-00C04F79EFBC}") = "LY.MVCOA.BLL", "LY.MVCOA.BLL\LY.MVCOA.BLL.csproj", "{95D22CE6-AF9B-4DCF-A190-5D7AAB0E55F5}"
EndProject
Project("{FAE04EC0-301F-11D3-BF4B-00C04F79EFBC}") = "LY.MVCOA.IBLL", "LY.MVCOA.IBLL\LY.MVCOA.IBLL.csproj", "{FBC25429-D8EE-42EE-9027-70F4F972F8A7}"
EndProject
Project("{FAE04EC0-301F-11D3-BF4B-00C04F79EFBC}") = "LY.MVCOA.DAL", "LY.MVCOA.DAL\LY.MVCOA.DAL.csproj", "{5862E0E3-C132-4DE2-BDB7-332679E064CE}"
EndProject
Project("{FAE04EC0-301F-11D3-BF4B-00C04F79EFBC}") = "LY.MVCOA.IDAL", "LY.MVCOA.IDAL\LY.MVCOA.IDAL.csproj", "{985C513D-6597-4964-854F-D734FA0B1119}"
EndProject
Global
	GlobalSection(SolutionConfigurationPlatforms) = preSolution
		Debug|Any CPU = Debug|Any CPU
		Release|Any CPU = Release|Any CPU
	EndGlobalSection
	GlobalSection(ProjectConfigurationPlatforms) = postSolution
		{CAFAF45C-3D9F-4211-A128-C2EA7C553A50}.Debug|Any CPU.ActiveCfg = Debug|Any CPU
		{CAFAF45C-3D9F-4211-A128-C2EA7C553A50}.Debug|Any CPU.Build.0 = Debug|Any CPU
		{CAFAF45C-3D9F-4211-A128-C2EA7C553A50}.Release|Any CPU.ActiveCfg = Release|Any CPU
		{CAFAF45C-3D9F-4211-A128-C2EA7C553A50}.Release|Any CPU.Build.0 = Release|Any CPU
		{F293BA3A-8E1A-4970-959D-53311E5404BD}.Debug|Any CPU.ActiveCfg = Debug|Any CPU
		{F293BA3A-8E1A-4970-959D-53311E5404BD}.Debug|Any CPU.Build.0 = Debug|Any CPU
		{F293BA3A-8E1A-4970-959D-53311E5404BD}.Release|Any CPU.ActiveCfg = Release|Any CPU
		{F293BA3A-8E1A-4970-959D-53311E5404BD}.Release|Any CPU.Build.0 = Release|Any CPU
		{60181720-BCCE-4960-8D26-55076D6C8654}.Debug|Any CPU.ActiveCfg = Debug|Any CPU
		{60181720-BCCE-4960-8D26-55076D6C8654}.Debug|Any CPU.Build.0 = Debug|Any CPU
		{60181720-BCCE-4960-8D26-55076D6C8654}.Release|Any CPU.ActiveCfg = Release|Any CPU
		{60181720-BCCE-4960-8D26-55076D6C8654}.Release|Any CPU.Build.0 = Release|Any CPU
		{A93F3AF1-BC55-4EEA-BDF8-3DC597143194}.Debug|Any CPU.ActiveCfg = Debug|Any CPU
		{A93F3AF1-BC55-4EEA-BDF8-3DC597143194}.Debug|Any CPU.Build.0 = Debug|Any CPU
		{A93F3AF1-BC55-4EEA-BDF8-3DC597143194}.Release|Any CPU.ActiveCfg = Release|Any CPU
		{A93F3AF1-BC55-4EEA-BDF8-3DC597143194}.Release|Any CPU.Build.0 = Release|Any CPU
		{33076ABE-F8F0-4943-AFBC-9E74BD0E53D7}.Debug|Any CPU.ActiveCfg = Debug|Any CPU
		{33076ABE-F8F0-4943-AFBC-9E74BD0E53D7}.Debug|Any CPU.Build.0 = Debug|Any CPU
		{33076ABE-F8F0-4943-AFBC-9E74BD0E53D7}.Release|Any CPU.ActiveCfg = Release|Any CPU
		{33076ABE-F8F0-4943-AFBC-9E74BD0E53D7}.Release|Any CPU.Build.0 = Release|Any CPU
		{49140B02-FAC6-40DD-9671-9389B2567CC5}.Debug|Any CPU.ActiveCfg = Debug|Any CPU
		{49140B02-FAC6-40DD-9671-9389B2567CC5}.Debug|Any CPU.Build.0 = Debug|Any CPU
		{49140B02-FAC6-40DD-9671-9389B2567CC5}.Release|Any CPU.ActiveCfg = Release|Any CPU
		{49140B02-FAC6-40DD-9671-9389B2567CC5}.Release|Any CPU.Build.0 = Release|Any CPU
		{BBB6DE5F-649B-40CD-B179-DC32B79A2195}.Debug|Any CPU.ActiveCfg = Debug|Any CPU
		{BBB6DE5F-649B-40CD-B179-DC32B79A2195}.Debug|Any CPU.Build.0 = Debug|Any CPU
		{BBB6DE5F-649B-40CD-B179-DC32B79A2195}.Release|Any CPU.ActiveCfg = Release|Any CPU
		{BBB6DE5F-649B-40CD-B179-DC32B79A2195}.Release|Any CPU.Build.0 = Release|Any CPU
		{95D22CE6-AF9B-4DCF-A190-5D7AAB0E55F5}.Debug|Any CPU.ActiveCfg = Debug|Any CPU
		{95D22CE6-AF9B-4DCF-A190-5D7AAB0E55F5}.Debug|Any CPU.Build.0 = Debug|Any CPU
		{95D22CE6-AF9B-4DCF-A190-5D7AAB0E55F5}.Release|Any CPU.ActiveCfg = Release|Any CPU
		{95D22CE6-AF9B-4DCF-A190-5D7AAB0E55F5}.Release|Any CPU.Build.0 = Release|Any CPU
		{FBC25429-D8EE-42EE-9027-70F4F972F8A7}.Debug|Any CPU.ActiveCfg = Debug|Any CPU
		{FBC25429-D8EE-42EE-9027-70F4F972F8A7}.Debug|Any CPU.Build.0 = Debug|Any CPU
		{FBC25429-D8EE-42EE-9027-70F4F972F8A7}.Release|Any CPU.ActiveCfg = Release|Any CPU
		{FBC25429-D8EE-42EE-9027-70F4F972F8A7}.Release|Any CPU.Build.0 = Release|Any CPU
		{5862E0E3-C132-4DE2-BDB7-332679E064CE}.Debug|Any CPU.ActiveCfg = Debug|Any CPU
		{5862E0E3-C132-4DE2-BDB7-332679E064CE}.Debug|Any CPU.Build.0 = Debug|Any CPU
		{5862E0E3-C132-4DE2-BDB7-332679E064CE}.Release|Any CPU.ActiveCfg = Release|Any CPU
		{5862E0E3-C132-4DE2-BDB7-332679E064CE}.Release|Any CPU.Build.0 = Release|Any CPU
		{985C513D-6597-4964-854F-D734FA0B1119}.Debug|Any CPU.ActiveCfg = Debug|Any CPU
		{985C513D-6597-4964-854F-D734FA0B1119}.Debug|Any CPU.Build.0 = Debug|Any CPU
		{985C513D-6597-4964-854F-D734FA0B1119}.Release|Any CPU.ActiveCfg = Release|Any CPU
		{985C513D-6597-4964-854F-D734FA0B1119}.Release|Any CPU.Build.0 = Release|Any CPU
	EndGlobalSection
	GlobalSection(SolutionProperties) = preSolution
		HideSolutionNode = FALSE
	EndGlobalSection
	GlobalSection(NestedProjects) = preSolution
		{95D22CE6-AF9B-4DCF-A190-5D7AAB0E55F5} = {B0C36631-0B23-4A02-928F-864BA2484EC6}
		{FBC25429-D8EE-42EE-9027-70F4F972F8A7} = {B0C36631-0B23-4A02-928F-864BA2484EC6}
		{5862E0E3-C132-4DE2-BDB7-332679E064CE} = {B0C36631-0B23-4A02-928F-864BA2484EC6}
		{985C513D-6597-4964-854F-D734FA0B1119} = {B0C36631-0B23-4A02-928F-864BA2484EC6}
	EndGlobalSection
EndGlobal
